
Microsoft Visual Studio Solution File, Format Version 12.00
# Visual Studio Version 16
VisualStudioVersion = 16.0.31205.134
MinimumVisualStudioVersion = 10.0.40219.1
Project("{FAE04EC0-301F-11D3-BF4B-00C04F79EFBC}") = "RQBonus", "RQBonus\RQBonus.csproj", "{B0A6C008-D722-4E18-B092-EC5599F81355}"
EndProject
Global
	GlobalSection(SolutionConfigurationPlatforms) = preSolution
		Debug|Any CPU = Debug|Any CPU
		Release|Any CPU = Release|Any CPU
	EndGlobalSection
	GlobalSection(ProjectConfigurationPlatforms) = postSolution
		{B0A6C008-D722-4E18-B092-EC5599F81355}.Debug|Any CPU.ActiveCfg = Debug|Any CPU
		{B0A6C008-D722-4E18-B092-EC5599F81355}.Debug|Any CPU.Build.0 = Debug|Any CPU
		{B0A6C008-D722-4E18-B092-EC5599F81355}.Release|Any CPU.ActiveCfg = Release|Any CPU
		{B0A6C008-D722-4E18-B092-EC5599F81355}.Release|Any CPU.Build.0 = Release|Any CPU
	EndGlobalSection
	GlobalSection(SolutionProperties) = preSolution
		HideSolutionNode = FALSE
	EndGlobalSection
	GlobalSection(ExtensibilityGlobals) = postSolution
		SolutionGuid = {4355A56E-4481-44D8-8A7C-9795733A5AFA}
	EndGlobalSection
EndGlobal
